
Microsoft Visual Studio Solution File, Format Version 12.00
# Visual Studio 15
VisualStudioVersion = 15.0.28307.539
MinimumVisualStudioVersion = 10.0.40219.1
Project("{00D1A9C2-B5F0-4AF3-8072-F6C62B433612}") = "MyHomeDb", "MyHomeDb\MyHomeDb.sqlproj", "{82D4A66E-F776-4E89-AF6F-12CCC2FE7E14}"
EndProject
Project("{FAE04EC0-301F-11D3-BF4B-00C04F79EFBC}") = "MyHome", "MyHome\MyHome.csproj", "{18854DC0-D08F-4B97-8162-10EE3513D7DC}"
EndProject
Project("{FAE04EC0-301F-11D3-BF4B-00C04F79EFBC}") = "MyHome.Tests", "MyHome.Tests\MyHome.Tests.csproj", "{731A2DBB-A2E4-4822-90FF-E316EA68EB04}"
EndProject
Global
	GlobalSection(SolutionConfigurationPlatforms) = preSolution
		Debug|Any CPU = Debug|Any CPU
		Release|Any CPU = Release|Any CPU
	EndGlobalSection
	GlobalSection(ProjectConfigurationPlatforms) = postSolution
		{82D4A66E-F776-4E89-AF6F-12CCC2FE7E14}.Debug|Any CPU.ActiveCfg = Debug|Any CPU
		{82D4A66E-F776-4E89-AF6F-12CCC2FE7E14}.Debug|Any CPU.Build.0 = Debug|Any CPU
		{82D4A66E-F776-4E89-AF6F-12CCC2FE7E14}.Debug|Any CPU.Deploy.0 = Debug|Any CPU
		{82D4A66E-F776-4E89-AF6F-12CCC2FE7E14}.Release|Any CPU.ActiveCfg = Release|Any CPU
		{82D4A66E-F776-4E89-AF6F-12CCC2FE7E14}.Release|Any CPU.Build.0 = Release|Any CPU
		{82D4A66E-F776-4E89-AF6F-12CCC2FE7E14}.Release|Any CPU.Deploy.0 = Release|Any CPU
		{18854DC0-D08F-4B97-8162-10EE3513D7DC}.Debug|Any CPU.ActiveCfg = Debug|Any CPU
		{18854DC0-D08F-4B97-8162-10EE3513D7DC}.Debug|Any CPU.Build.0 = Debug|Any CPU
		{18854DC0-D08F-4B97-8162-10EE3513D7DC}.Release|Any CPU.ActiveCfg = Release|Any CPU
		{18854DC0-D08F-4B97-8162-10EE3513D7DC}.Release|Any CPU.Build.0 = Release|Any CPU
		{731A2DBB-A2E4-4822-90FF-E316EA68EB04}.Debug|Any CPU.ActiveCfg = Debug|Any CPU
		{731A2DBB-A2E4-4822-90FF-E316EA68EB04}.Debug|Any CPU.Build.0 = Debug|Any CPU
		{731A2DBB-A2E4-4822-90FF-E316EA68EB04}.Release|Any CPU.ActiveCfg = Release|Any CPU
		{731A2DBB-A2E4-4822-90FF-E316EA68EB04}.Release|Any CPU.Build.0 = Release|Any CPU
	EndGlobalSection
	GlobalSection(SolutionProperties) = preSolution
		HideSolutionNode = FALSE
	EndGlobalSection
	GlobalSection(ExtensibilityGlobals) = postSolution
		SolutionGuid = {1507785E-7B75-4A03-90B1-E30B9E3574CD}
	EndGlobalSection
EndGlobal
